<?xml version="1.0" encoding="UTF-8" standalone="yes" ?>
<CodeBlocks_project_file>
	<FileVersion major="1" minor="6" />
	<Project>
		<Option title="Gomoku" />
		<Option pch_mode="2" />
		<Option compiler="gcc" />
		<Build>
			<Target title="Release">
				<Option output="Gomoku" prefix_auto="1" extension_auto="1" />
				<Option object_output="obj/Release/" />
				<Option type="0" />
				<Option compiler="gcc" />
				<Option projectLinkerOptionsRelation="2" />
				<Compiler>
					<Add option="-O3" />
					<Add option="-std=c++14" />
					<Add directory="C:/wxWidgets-3.1.5_static/lib/gcc_lib/mswu" />
					<Add directory="include" />
				</Compiler>
				<ResourceCompiler>
					<Add directory="C:/wxWidgets-3.1.5_static/lib/gcc_lib/mswu" />
				</ResourceCompiler>
				<Linker>
					<Add option="-s" />
					<Add library="libwxmsw31u_richtext.a" />
					<Add library="libwxbase31u_xml.a" />
					<Add library="libwxmsw31u_adv.a" />
					<Add library="libwxmsw31u_html.a" />
					<Add library="libwxmsw31u_core.a" />
					<Add library="libwxbase31u.a" />
					<Add library="libwxpng.a" />
					<Add library="libwxjpeg.a" />
					<Add library="libwxtiff.a" />
					<Add library="libwxzlib.a" />
					<Add directory="C:/wxWidgets-3.1.5_static/lib/gcc_lib" />
				</Linker>
			</Target>
		</Build>
		<Compiler>
			<Add option="-pipe" />
			<Add option="-mthreads" />
			<Add option="-D__GNUWIN32__" />
			<Add option="-D__WXMSW__" />
			<Add option="-DwxUSE_UNICODE" />
			<Add option="-Wall" />
			<Add directory="C:/wxWidgets-3.1.5_static/include" />
		</Compiler>
		<ResourceCompiler>
			<Add directory="C:/wxWidgets-3.1.5_static/include" />
		</ResourceCompiler>
		<Linker>
			<Add option="-mthreads" />
			<Add library="libkernel32.a" />
			<Add library="libuser32.a" />
			<Add library="libgdi32.a" />
			<Add library="libwinspool.a" />
			<Add library="libcomdlg32.a" />
			<Add library="libadvapi32.a" />
			<Add library="libshell32.a" />
			<Add library="libole32.a" />
			<Add library="liboleaut32.a" />
			<Add library="libuuid.a" />
			<Add library="libcomctl32.a" />
			<Add library="libwsock32.a" />
			<Add library="libodbc32.a" />
			<Add library="libshlwapi.a" />
			<Add library="libversion.a" />
			<Add library="liboleacc.a" />
			<Add library="libuxtheme.a" />
		</Linker>
		<Unit filename="include/AI_lib.h" />
		<Unit filename="include/gomokuApp.h" />
		<Unit filename="include/macros.h" />
		<Unit filename="include/main.h" />
		<Unit filename="include/player.h" />
		<Unit filename="src/AI_lib.cpp" />
		<Unit filename="src/gomokuApp.cpp" />
		<Unit filename="src/main.cpp" />
		<Unit filename="src/player.cpp" />
		<Extensions>
			<lib_finder disable_auto="1" />
		</Extensions>
	</Project>
</CodeBlocks_project_file>
